// !$*UTF8*$!
{
	archiveVersion = 1;
	classes = {
	};
	objectVersion = 50;
	objects = {

/* Begin PBXBuildFile section */
		0CF09B9F281DB23E008B2F4F /* AppDelegate.swift in Sources */ = {isa = PBXBuildFile; fileRef = 0CF09B9E281DB23E008B2F4F /* AppDelegate.swift */; };
		0CF09BA1281DB23E008B2F4F /* SceneDelegate.swift in Sources */ = {isa = PBXBuildFile; fileRef = 0CF09BA0281DB23E008B2F4F /* SceneDelegate.swift */; };
		0CF09BA3281DB23E008B2F4F /* ViewController.swift in Sources */ = {isa = PBXBuildFile; fileRef = 0CF09BA2281DB23E008B2F4F /* ViewController.swift */; };
		0CF09BA6281DB23E008B2F4F /* Main.storyboard in Resources */ = {isa = PBXBuildFile; fileRef = 0CF09BA4281DB23E008B2F4F /* Main.storyboard */; };
		0CF09BA8281DB240008B2F4F /* Assets.xcassets in Resources */ = {isa = PBXBuildFile; fileRef = 0CF09BA7281DB240008B2F4F /* Assets.xcassets */; };
		0CF09BAB281DB240008B2F4F /* LaunchScreen.storyboard in Resources */ = {isa = PBXBuildFile; fileRef = 0CF09BA9281DB240008B2F4F /* LaunchScreen.storyboard */; };
		0CF09BD1281DB83E008B2F4F /* RecordTableViewCell.swift in Sources */ = {isa = PBXBuildFile; fileRef = 0CF09BCF281DB83E008B2F4F /* RecordTableViewCell.swift */; };
		0CF09BD2281DB83E008B2F4F /* RecordTableViewCell.xib in Resources */ = {isa = PBXBuildFile; fileRef = 0CF09BD0281DB83E008B2F4F /* RecordTableViewCell.xib */; };
		0CFF06F5283111E50001C6CB /* InstabugNetworkClient.framework in Frameworks */ = {isa = PBXBuildFile; fileRef = 0CFF06F2283111B90001C6CB /* InstabugNetworkClient.framework */; };
		0CFF06F6283111E50001C6CB /* InstabugNetworkClient.framework in Embed Frameworks */ = {isa = PBXBuildFile; fileRef = 0CFF06F2283111B90001C6CB /* InstabugNetworkClient.framework */; settings = {ATTRIBUTES = (CodeSignOnCopy, RemoveHeadersOnCopy, ); }; };
/* End PBXBuildFile section */

/* Begin PBXContainerItemProxy section */
		0CFF06EF283111B90001C6CB /* PBXContainerItemProxy */ = {
			isa = PBXContainerItemProxy;
			containerPortal = 0CFF06E9283111B90001C6CB /* InstabugInterview.xcodeproj */;
			proxyType = 2;
			remoteGlobalIDString = 24AA939B25AF0DA4007588C7;
			remoteInfo = InstabugInterview;
		};
		0CFF06F1283111B90001C6CB /* PBXContainerItemProxy */ = {
			isa = PBXContainerItemProxy;
			containerPortal = 0CFF06E9283111B90001C6CB /* InstabugInterview.xcodeproj */;
			proxyType = 2;
			remoteGlobalIDString = 24AA93B825AF0F0D007588C7;
			remoteInfo = InstabugNetworkClient;
		};
		0CFF06F3283111B90001C6CB /* PBXContainerItemProxy */ = {
			isa = PBXContainerItemProxy;
			containerPortal = 0CFF06E9283111B90001C6CB /* InstabugInterview.xcodeproj */;
			proxyType = 2;
			remoteGlobalIDString = 24AA93C025AF0F0D007588C7;
			remoteInfo = InstabugNetworkClientTests;
		};
/* End PBXContainerItemProxy section */

/* Begin PBXCopyFilesBuildPhase section */
		0CF09BCE281DB4C6008B2F4F /* Embed Frameworks */ = {
			isa = PBXCopyFilesBuildPhase;
			buildActionMask = 2147483647;
			dstPath = "";
			dstSubfolderSpec = 10;
			files = (
				0CFF06F6283111E50001C6CB /* InstabugNetworkClient.framework in Embed Frameworks */,
			);
			name = "Embed Frameworks";
			runOnlyForDeploymentPostprocessing = 0;
		};
/* End PBXCopyFilesBuildPhase section */

/* Begin PBXFileReference section */
		0CF09B9B281DB23E008B2F4F /* Example.app */ = {isa = PBXFileReference; explicitFileType = wrapper.application; includeInIndex = 0; path = Example.app; sourceTree = BUILT_PRODUCTS_DIR; };
		0CF09B9E281DB23E008B2F4F /* AppDelegate.swift */ = {isa = PBXFileReference; lastKnownFileType = sourcecode.swift; path = AppDelegate.swift; sourceTree = "<group>"; };
		0CF09BA0281DB23E008B2F4F /* SceneDelegate.swift */ = {isa = PBXFileReference; lastKnownFileType = sourcecode.swift; path = SceneDelegate.swift; sourceTree = "<group>"; };
		0CF09BA2281DB23E008B2F4F /* ViewController.swift */ = {isa = PBXFileReference; lastKnownFileType = sourcecode.swift; path = ViewController.swift; sourceTree = "<group>"; };
		0CF09BA5281DB23E008B2F4F /* Base */ = {isa = PBXFileReference; lastKnownFileType = file.storyboard; name = Base; path = Base.lproj/Main.storyboard; sourceTree = "<group>"; };
		0CF09BA7281DB240008B2F4F /* Assets.xcassets */ = {isa = PBXFileReference; lastKnownFileType = folder.assetcatalog; path = Assets.xcassets; sourceTree = "<group>"; };
		0CF09BAA281DB240008B2F4F /* Base */ = {isa = PBXFileReference; lastKnownFileType = file.storyboard; name = Base; path = Base.lproj/LaunchScreen.storyboard; sourceTree = "<group>"; };
		0CF09BAC281DB241008B2F4F /* Info.plist */ = {isa = PBXFileReference; lastKnownFileType = text.plist.xml; path = Info.plist; sourceTree = "<group>"; };
		0CF09BCF281DB83E008B2F4F /* RecordTableViewCell.swift */ = {isa = PBXFileReference; lastKnownFileType = sourcecode.swift; path = RecordTableViewCell.swift; sourceTree = "<group>"; };
		0CF09BD0281DB83E008B2F4F /* RecordTableViewCell.xib */ = {isa = PBXFileReference; lastKnownFileType = file.xib; path = RecordTableViewCell.xib; sourceTree = "<group>"; };
		0CFF06E9283111B90001C6CB /* InstabugInterview.xcodeproj */ = {isa = PBXFileReference; lastKnownFileType = "wrapper.pb-project"; name = InstabugInterview.xcodeproj; path = ../InstabugInterview.xcodeproj; sourceTree = "<group>"; };
/* End PBXFileReference section */

/* Begin PBXFrameworksBuildPhase section */
		0CF09B98281DB23E008B2F4F /* Frameworks */ = {
			isa = PBXFrameworksBuildPhase;
			buildActionMask = 2147483647;
			files = (
				0CFF06F5283111E50001C6CB /* InstabugNetworkClient.framework in Frameworks */,
			);
			runOnlyForDeploymentPostprocessing = 0;
		};
/* End PBXFrameworksBuildPhase section */

/* Begin PBXGroup section */
		0CF09B92281DB23E008B2F4F = {
			isa = PBXGroup;
			children = (
				0CFF06E9283111B90001C6CB /* InstabugInterview.xcodeproj */,
				0CF09B9D281DB23E008B2F4F /* Example */,
				0CF09B9C281DB23E008B2F4F /* Products */,
				0CF09BCB281DB4C6008B2F4F /* Frameworks */,
			);
			sourceTree = "<group>";
		};
		0CF09B9C281DB23E008B2F4F /* Products */ = {
			isa = PBXGroup;
			children = (
				0CF09B9B281DB23E008B2F4F /* Example.app */,
			);
			name = Products;
			sourceTree = "<group>";
		};
		0CF09B9D281DB23E008B2F4F /* Example */ = {
			isa = PBXGroup;
			children = (
				0CF09B9E281DB23E008B2F4F /* AppDelegate.swift */,
				0CF09BA0281DB23E008B2F4F /* SceneDelegate.swift */,
				0CF09BA2281DB23E008B2F4F /* ViewController.swift */,
				0CF09BA4281DB23E008B2F4F /* Main.storyboard */,
				0CF09BD3281DBDEA008B2F4F /* RecordTableViewCell */,
				0CF09BA7281DB240008B2F4F /* Assets.xcassets */,
				0CF09BA9281DB240008B2F4F /* LaunchScreen.storyboard */,
				0CF09BAC281DB241008B2F4F /* Info.plist */,
			);
			path = Example;
			sourceTree = "<group>";
		};
		0CF09BCB281DB4C6008B2F4F /* Frameworks */ = {
			isa = PBXGroup;
			children = (
			);
			name = Frameworks;
			sourceTree = "<group>";
		};
		0CF09BD3281DBDEA008B2F4F /* RecordTableViewCell */ = {
			isa = PBXGroup;
			children = (
				0CF09BCF281DB83E008B2F4F /* RecordTableViewCell.swift */,
				0CF09BD0281DB83E008B2F4F /* RecordTableViewCell.xib */,
			);
			path = RecordTableViewCell;
			sourceTree = "<group>";
		};
		0CFF06EA283111B90001C6CB /* Products */ = {
			isa = PBXGroup;
			children = (
				0CFF06F0283111B90001C6CB /* InstabugInterview.app */,
				0CFF06F2283111B90001C6CB /* InstabugNetworkClient.framework */,
				0CFF06F4283111B90001C6CB /* InstabugNetworkClientTests.xctest */,
			);
			name = Products;
			sourceTree = "<group>";
		};
/* End PBXGroup section */

/* Begin PBXNativeTarget section */
		0CF09B9A281DB23E008B2F4F /* Example */ = {
			isa = PBXNativeTarget;
			buildConfigurationList = 0CF09BAF281DB241008B2F4F /* Build configuration list for PBXNativeTarget "Example" */;
			buildPhases = (
				0CF09B97281DB23E008B2F4F /* Sources */,
				0CF09B98281DB23E008B2F4F /* Frameworks */,
				0CF09B99281DB23E008B2F4F /* Resources */,
				0CF09BCE281DB4C6008B2F4F /* Embed Frameworks */,
			);
			buildRules = (
			);
			dependencies = (
			);
			name = Example;
			productName = Example;
			productReference = 0CF09B9B281DB23E008B2F4F /* Example.app */;
			productType = "com.apple.product-type.application";
		};
/* End PBXNativeTarget section */

/* Begin PBXProject section */
		0CF09B93281DB23E008B2F4F /* Project object */ = {
			isa = PBXProject;
			attributes = {
				LastSwiftUpdateCheck = 1250;
				LastUpgradeCheck = 1250;
				TargetAttributes = {
					0CF09B9A281DB23E008B2F4F = {
						CreatedOnToolsVersion = 12.5.1;
					};
				};
			};
			buildConfigurationList = 0CF09B96281DB23E008B2F4F /* Build configuration list for PBXProject "Example" */;
			compatibilityVersion = "Xcode 9.3";
			developmentRegion = en;
			hasScannedForEncodings = 0;
			knownRegions = (
				en,
				Base,
			);
			mainGroup = 0CF09B92281DB23E008B2F4F;
			productRefGroup = 0CF09B9C281DB23E008B2F4F /* Products */;
			projectDirPath = "";
			projectReferences = (
				{
					ProductGroup = 0CFF06EA283111B90001C6CB /* Products */;
					ProjectRef = 0CFF06E9283111B90001C6CB /* InstabugInterview.xcodeproj */;
				},
			);
			projectRoot = "";
			targets = (
				0CF09B9A281DB23E008B2F4F /* Example */,
			);
		};
/* End PBXProject section */

/* Begin PBXReferenceProxy section */
		0CFF06F0283111B90001C6CB /* InstabugInterview.app */ = {
			isa = PBXReferenceProxy;
			fileType = wrapper.application;
			path = InstabugInterview.app;
			remoteRef = 0CFF06EF283111B90001C6CB /* PBXContainerItemProxy */;
			sourceTree = BUILT_PRODUCTS_DIR;
		};
		0CFF06F2283111B90001C6CB /* InstabugNetworkClient.framework */ = {
			isa = PBXReferenceProxy;
			fileType = wrapper.framework;
			path = InstabugNetworkClient.framework;
			remoteRef = 0CFF06F1283111B90001C6CB /* PBXContainerItemProxy */;
			sourceTree = BUILT_PRODUCTS_DIR;
		};
		0CFF06F4283111B90001C6CB /* InstabugNetworkClientTests.xctest */ = {
			isa = PBXReferenceProxy;
			fileType = wrapper.cfbundle;
			path = InstabugNetworkClientTests.xctest;
			remoteRef = 0CFF06F3283111B90001C6CB /* PBXContainerItemProxy */;
			sourceTree = BUILT_PRODUCTS_DIR;
		};
/* End PBXReferenceProxy section */

/* Begin PBXResourcesBuildPhase section */
		0CF09B99281DB23E008B2F4F /* Resources */ = {
			isa = PBXResourcesBuildPhase;
			buildActionMask = 2147483647;
			files = (
				0CF09BAB281DB240008B2F4F /* LaunchScreen.storyboard in Resources */,
				0CF09BA8281DB240008B2F4F /* Assets.xcassets in Resources */,
				0CF09BD2281DB83E008B2F4F /* RecordTableViewCell.xib in Resources */,
				0CF09BA6281DB23E008B2F4F /* Main.storyboard in Resources */,
			);
			runOnlyForDeploymentPostprocessing = 0;
		};
/* End PBXResourcesBuildPhase section */

/* Begin PBXSourcesBuildPhase section */
		0CF09B97281DB23E008B2F4F /* Sources */ = {
			isa = PBXSourcesBuildPhase;
			buildActionMask = 2147483647;
			files = (
				0CF09BA3281DB23E008B2F4F /* ViewController.swift in Sources */,
				0CF09B9F281DB23E008B2F4F /* AppDelegate.swift in Sources */,
				0CF09BD1281DB83E008B2F4F /* RecordTableViewCell.swift in Sources */,
				0CF09BA1281DB23E008B2F4F /* SceneDelegate.swift in Sources */,
			);
			runOnlyForDeploymentPostprocessing = 0;
		};
/* End PBXSourcesBuildPhase section */

/* Begin PBXVariantGroup section */
		0CF09BA4281DB23E008B2F4F /* Main.storyboard */ = {
			isa = PBXVariantGroup;
			children = (
				0CF09BA5281DB23E008B2F4F /* Base */,
			);
			name = Main.storyboard;
			sourceTree = "<group>";
		};
		0CF09BA9281DB240008B2F4F /* LaunchScreen.storyboard */ = {
			isa = PBXVariantGroup;
			children = (
				0CF09BAA281DB240008B2F4F /* Base */,
			);
			name = LaunchScreen.storyboard;
			sourceTree = "<group>";
		};
/* End PBXVariantGroup section */

/* Begin XCBuildConfiguration section */
		0CF09BAD281DB241008B2F4F /* Debug */ = {
			isa = XCBuildConfiguration;
			buildSettings = {
				ALWAYS_SEARCH_USER_PATHS = NO;
				CLANG_ANALYZER_NONNULL = YES;
				CLANG_ANALYZER_NUMBER_OBJECT_CONVERSION = YES_AGGRESSIVE;
				CLANG_CXX_LANGUAGE_STANDARD = "gnu++14";
				CLANG_CXX_LIBRARY = "libc++";
				CLANG_ENABLE_MODULES = YES;
				CLANG_ENABLE_OBJC_ARC = YES;
				CLANG_ENABLE_OBJC_WEAK = YES;
				CLANG_WARN_BLOCK_CAPTURE_AUTORELEASING = YES;
				CLANG_WARN_BOOL_CONVERSION = YES;
				CLANG_WARN_COMMA = YES;
				CLANG_WARN_CONSTANT_CONVERSION = YES;
				CLANG_WARN_DEPRECATED_OBJC_IMPLEMENTATIONS = YES;
				CLANG_WARN_DIRECT_OBJC_ISA_USAGE = YES_ERROR;
				CLANG_WARN_DOCUMENTATION_COMMENTS = YES;
				CLANG_WARN_EMPTY_BODY = YES;
				CLANG_WARN_ENUM_CONVERSION = YES;
				CLANG_WARN_INFINITE_RECURSION = YES;
				CLANG_WARN_INT_CONVERSION = YES;
				CLANG_WARN_NON_LITERAL_NULL_CONVERSION = YES;
				CLANG_WARN_OBJC_IMPLICIT_RETAIN_SELF = YES;
				CLANG_WARN_OBJC_LITERAL_CONVERSION = YES;
				CLANG_WARN_OBJC_ROOT_CLASS = YES_ERROR;
				CLANG_WARN_QUOTED_INCLUDE_IN_FRAMEWORK_HEADER = YES;
				CLANG_WARN_RANGE_LOOP_ANALYSIS = YES;
				CLANG_WARN_STRICT_PROTOTYPES = YES;
				CLANG_WARN_SUSPICIOUS_MOVE = YES;
				CLANG_WARN_UNGUARDED_AVAILABILITY = YES_AGGRESSIVE;
				CLANG_WARN_UNREACHABLE_CODE = YES;
				CLANG_WARN__DUPLICATE_METHOD_MATCH = YES;
				COPY_PHASE_STRIP = NO;
				DEBUG_INFORMATION_FORMAT = dwarf;
				ENABLE_STRICT_OBJC_MSGSEND = YES;
				ENABLE_TESTABILITY = YES;
				GCC_C_LANGUAGE_STANDARD = gnu11;
				GCC_DYNAMIC_NO_PIC = NO;
				GCC_NO_COMMON_BLOCKS = YES;
				GCC_OPTIMIZATION_LEVEL = 0;
				GCC_PREPROCESSOR_DEFINITIONS = (
					"DEBUG=1",
					"$(inherited)",
				);
				GCC_WARN_64_TO_32_BIT_CONVERSION = YES;
				GCC_WARN_ABOUT_RETURN_TYPE = YES_ERROR;
				GCC_WARN_UNDECLARED_SELECTOR = YES;
				GCC_WARN_UNINITIALIZED_AUTOS = YES_AGGRESSIVE;
				GCC_WARN_UNUSED_FUNCTION = YES;
				GCC_WARN_UNUSED_VARIABLE = YES;
				IPHONEOS_DEPLOYMENT_TARGET = 14.5;
				MTL_ENABLE_DEBUG_INFO = INCLUDE_SOURCE;
				MTL_FAST_MATH = YES;
				ONLY_ACTIVE_ARCH = YES;
				SDKROOT = iphoneos;
				SWIFT_ACTIVE_COMPILATION_CONDITIONS = DEBUG;
				SWIFT_OPTIMIZATION_LEVEL = "-Onone";
			};
			name = Debug;
		};
		0CF09BAE281DB241008B2F4F /* Release */ = {
			isa = XCBuildConfiguration;
			buildSettings = {
				ALWAYS_SEARCH_USER_PATHS = NO;
				CLANG_ANALYZER_NONNULL = YES;
				CLANG_ANALYZER_NUMBER_OBJECT_CONVERSION = YES_AGGRESSIVE;
				CLANG_CXX_LANGUAGE_STANDARD = "gnu++14";
				CLANG_CXX_LIBRARY = "libc++";
				CLANG_ENABLE_MODULES = YES;
				CLANG_ENABLE_OBJC_ARC = YES;
				CLANG_ENABLE_OBJC_WEAK = YES;
				CLANG_WARN_BLOCK_CAPTURE_AUTORELEASING = YES;
				CLANG_WARN_BOOL_CONVERSION = YES;
				CLANG_WARN_COMMA = YES;
				CLANG_WARN_CONSTANT_CONVERSION = YES;
				CLANG_WARN_DEPRECATED_OBJC_IMPLEMENTATIONS = YES;
				CLANG_WARN_DIRECT_OBJC_ISA_USAGE = YES_ERROR;
				CLANG_WARN_DOCUMENTATION_COMMENTS = YES;
				CLANG_WARN_EMPTY_BODY = YES;
				CLANG_WARN_ENUM_CONVERSION = YES;
				CLANG_WARN_INFINITE_RECURSION = YES;
				CLANG_WARN_INT_CONVERSION = YES;
				CLANG_WARN_NON_LITERAL_NULL_CONVERSION = YES;
				CLANG_WARN_OBJC_IMPLICIT_RETAIN_SELF = YES;
				CLANG_WARN_OBJC_LITERAL_CONVERSION = YES;
				CLANG_WARN_OBJC_ROOT_CLASS = YES_ERROR;
				CLANG_WARN_QUOTED_INCLUDE_IN_FRAMEWORK_HEADER = YES;
				CLANG_WARN_RANGE_LOOP_ANALYSIS = YES;
				CLANG_WARN_STRICT_PROTOTYPES = YES;
				CLANG_WARN_SUSPICIOUS_MOVE = YES;
				CLANG_WARN_UNGUARDED_AVAILABILITY = YES_AGGRESSIVE;
				CLANG_WARN_UNREACHABLE_CODE = YES;
				CLANG_WARN__DUPLICATE_METHOD_MATCH = YES;
				COPY_PHASE_STRIP = NO;
				DEBUG_INFORMATION_FORMAT = "dwarf-with-dsym";
				ENABLE_NS_ASSERTIONS = NO;
				ENABLE_STRICT_OBJC_MSGSEND = YES;
				GCC_C_LANGUAGE_STANDARD = gnu11;
				GCC_NO_COMMON_BLOCKS = YES;
				GCC_WARN_64_TO_32_BIT_CONVERSION = YES;
				GCC_WARN_ABOUT_RETURN_TYPE = YES_ERROR;
				GCC_WARN_UNDECLARED_SELECTOR = YES;
				GCC_WARN_UNINITIALIZED_AUTOS = YES_AGGRESSIVE;
				GCC_WARN_UNUSED_FUNCTION = YES;
				GCC_WARN_UNUSED_VARIABLE = YES;
				IPHONEOS_DEPLOYMENT_TARGET = 14.5;
				MTL_ENABLE_DEBUG_INFO = NO;
				MTL_FAST_MATH = YES;
				SDKROOT = iphoneos;
				SWIFT_COMPILATION_MODE = wholemodule;
				SWIFT_OPTIMIZATION_LEVEL = "-O";
				VALIDATE_PRODUCT = YES;
			};
			name = Release;
		};
		0CF09BB0281DB241008B2F4F /* Debug */ = {
			isa = XCBuildConfiguration;
			buildSettings = {
				ASSETCATALOG_COMPILER_APPICON_NAME = AppIcon;
				ASSETCATALOG_COMPILER_GLOBAL_ACCENT_COLOR_NAME = AccentColor;
				CODE_SIGN_STYLE = Automatic;
				DEVELOPMENT_TEAM = T5GA7DTMUP;
				INFOPLIST_FILE = Example/Info.plist;
				LD_RUNPATH_SEARCH_PATHS = (
					"$(inherited)",
					"@executable_path/Frameworks",
				);
				PRODUCT_BUNDLE_IDENTIFIER = com.israajamal.Example;
				PRODUCT_NAME = "$(TARGET_NAME)";
				SWIFT_VERSION = 5.0;
				TARGETED_DEVICE_FAMILY = "1,2";
			};
			name = Debug;
		};
		0CF09BB1281DB241008B2F4F /* Release */ = {
			isa = XCBuildConfiguration;
			buildSettings = {
				ASSETCATALOG_COMPILER_APPICON_NAME = AppIcon;
				ASSETCATALOG_COMPILER_GLOBAL_ACCENT_COLOR_NAME = AccentColor;
				CODE_SIGN_STYLE = Automatic;
				DEVELOPMENT_TEAM = T5GA7DTMUP;
				INFOPLIST_FILE = Example/Info.plist;
				LD_RUNPATH_SEARCH_PATHS = (
					"$(inherited)",
					"@executable_path/Frameworks",
				);
				PRODUCT_BUNDLE_IDENTIFIER = com.israajamal.Example;
				PRODUCT_NAME = "$(TARGET_NAME)";
				SWIFT_VERSION = 5.0;
				TARGETED_DEVICE_FAMILY = "1,2";
			};
			name = Release;
		};
/* End XCBuildConfiguration section */

/* Begin XCConfigurationList section */
		0CF09B96281DB23E008B2F4F /* Build configuration list for PBXProject "Example" */ = {
			isa = XCConfigurationList;
			buildConfigurations = (
				0CF09BAD281DB241008B2F4F /* Debug */,
				0CF09BAE281DB241008B2F4F /* Release */,
			);
			defaultConfigurationIsVisible = 0;
			defaultConfigurationName = Release;
		};
		0CF09BAF281DB241008B2F4F /* Build configuration list for PBXNativeTarget "Example" */ = {
			isa = XCConfigurationList;
			buildConfigurations = (
				0CF09BB0281DB241008B2F4F /* Debug */,
				0CF09BB1281DB241008B2F4F /* Release */,
			);
			defaultConfigurationIsVisible = 0;
			defaultConfigurationName = Release;
		};
/* End XCConfigurationList section */
	};
	rootObject = 0CF09B93281DB23E008B2F4F /* Project object */;
}
